{
  "lockfileVersion": 1,
  "workspaces": {
    "": {
      "dependencies": {
        "cloudinary": "^2.9.0",
        "dotenv": "^17.2.3",
      },
    },
  },
  "packages": {
    "cloudinary": ["cloudinary@2.9.0", "", { "dependencies": { "lodash": "^4.17.21" } }, "sha512-F3iKMOy4y0zy0bi5JBp94SC7HY7i/ImfTPSUV07iJmRzH1Iz8WavFfOlJTR1zvYM/xKGoiGZ3my/zy64In0IQQ=="],

    "dotenv": ["dotenv@17.2.3", "", {}, "sha512-JVUnt+DUIzu87TABbhPmNfVdBDt18BLOWjMUFJMSi/Qqg7NTYtabbvSNJGOJ7afbRuv9D/lngizHtP7QyLQ+9w=="],

    "lodash": ["lodash@4.17.23", "", {}, "sha512-LgVTMpQtIopCi79SJeDiP0TfWi5CNEc/L/aRdTh3yIvmZXTnheWpKjSZhnvMl8iXbC1tFg9gdHHDMLoV7CnG+w=="],
  }
}
